dependencies:
- name: postgresql
  repository: https://charts.bitnami.com/bitnami
  version: 12.12.10
- name: redis
  repository: https://charts.bitnami.com/bitnami
  version: 18.19.4
- name: minio
  repository: https://charts.bitnami.com/bitnami
  version: 17.0.21
digest: sha256:24a91971f7faae3c4953e19675bade1c43285943d30ccc5f9288f733f36300c8
generated: "2025-12-23T00:51:27.614480231-05:00"
